
Microsoft Visual Studio Solution File, Format Version 12.00
# Visual Studio 15
VisualStudioVersion = 15.0.26124.0
MinimumVisualStudioVersion = 15.0.26124.0
Project("{2150E333-8FDC-42A3-9474-1A3956D46DE8}") = "src", "src", "{C5E297C5-99FF-4412-B521-5AECF45BBFB1}"
EndProject
Project("{FAE04EC0-301F-11D3-BF4B-00C04F79EFBC}") = "MyApp", "src\MyApp\MyApp.csproj", "{1A43C6CA-7E30-433F-A64D-F36CF3EBCD07}"
EndProject
Project("{FAE04EC0-301F-11D3-BF4B-00C04F79EFBC}") = "MyApp.Types", "src\MyApp.Types\MyApp.Types.csproj", "{59C99932-A5B7-48C3-8ACF-3F9FCEF2D30F}"
EndProject
Project("{FAE04EC0-301F-11D3-BF4B-00C04F79EFBC}") = "MyApp.Validation", "src\MyApp.Validation\MyApp.Validation.csproj", "{A80599F3-0BAC-456B-B746-C8009346B2AE}"
EndProject
Project("{FAE04EC0-301F-11D3-BF4B-00C04F79EFBC}") = "MyApp.Data", "src\MyApp.Data\MyApp.Data.csproj", "{16B3BE19-1786-4C05-AA2C-D74C91BE6305}"
EndProject
Project("{2150E333-8FDC-42A3-9474-1A3956D46DE8}") = "test", "test", "{60BEC1E6-F46B-43EC-9E59-9143A253F68F}"
EndProject
Project("{2150E333-8FDC-42A3-9474-1A3956D46DE8}") = "integration", "integration", "{53E839BA-6B85-4479-A77A-800DE4E85EAE}"
EndProject
Project("{FAE04EC0-301F-11D3-BF4B-00C04F79EFBC}") = "MyApp.Data.Tests", "test\integration\MyApp.Data.Tests\MyApp.Data.Tests.csproj", "{9E05B1E3-B92C-4FD9-AF68-B6E6E233FABF}"
EndProject
Project("{2150E333-8FDC-42A3-9474-1A3956D46DE8}") = "unit", "unit", "{EEF30F29-0503-49F2-A3F9-66BC852EA8FB}"
EndProject
Project("{FAE04EC0-301F-11D3-BF4B-00C04F79EFBC}") = "MyApp.Validation.Tests", "test\unit\MyApp.Validation.Tests\MyApp.Validation.Tests.csproj", "{00FDA7F5-9D2F-451A-AD2B-152BE1AB61AA}"
EndProject
Project("{FAE04EC0-301F-11D3-BF4B-00C04F79EFBC}") = "MyApp.Tests", "test\unit\MyApp.Tests\MyApp.Tests.csproj", "{B7D32386-6691-4660-9349-DBEC674C7CC1}"
EndProject
Global
	GlobalSection(SolutionConfigurationPlatforms) = preSolution
		Debug|Any CPU = Debug|Any CPU
		Debug|x64 = Debug|x64
		Debug|x86 = Debug|x86
		Release|Any CPU = Release|Any CPU
		Release|x64 = Release|x64
		Release|x86 = Release|x86
	EndGlobalSection
	GlobalSection(SolutionProperties) = preSolution
		HideSolutionNode = FALSE
	EndGlobalSection
	GlobalSection(ProjectConfigurationPlatforms) = postSolution
		{1A43C6CA-7E30-433F-A64D-F36CF3EBCD07}.Debug|Any CPU.ActiveCfg = Debug|Any CPU
		{1A43C6CA-7E30-433F-A64D-F36CF3EBCD07}.Debug|Any CPU.Build.0 = Debug|Any CPU
		{1A43C6CA-7E30-433F-A64D-F36CF3EBCD07}.Debug|x64.ActiveCfg = Debug|x64
		{1A43C6CA-7E30-433F-A64D-F36CF3EBCD07}.Debug|x64.Build.0 = Debug|x64
		{1A43C6CA-7E30-433F-A64D-F36CF3EBCD07}.Debug|x86.ActiveCfg = Debug|x86
		{1A43C6CA-7E30-433F-A64D-F36CF3EBCD07}.Debug|x86.Build.0 = Debug|x86
		{1A43C6CA-7E30-433F-A64D-F36CF3EBCD07}.Release|Any CPU.ActiveCfg = Release|Any CPU
		{1A43C6CA-7E30-433F-A64D-F36CF3EBCD07}.Release|Any CPU.Build.0 = Release|Any CPU
		{1A43C6CA-7E30-433F-A64D-F36CF3EBCD07}.Release|x64.ActiveCfg = Release|x64
		{1A43C6CA-7E30-433F-A64D-F36CF3EBCD07}.Release|x64.Build.0 = Release|x64
		{1A43C6CA-7E30-433F-A64D-F36CF3EBCD07}.Release|x86.ActiveCfg = Release|x86
		{1A43C6CA-7E30-433F-A64D-F36CF3EBCD07}.Release|x86.Build.0 = Release|x86
		{59C99932-A5B7-48C3-8ACF-3F9FCEF2D30F}.Debug|Any CPU.ActiveCfg = Debug|Any CPU
		{59C99932-A5B7-48C3-8ACF-3F9FCEF2D30F}.Debug|Any CPU.Build.0 = Debug|Any CPU
		{59C99932-A5B7-48C3-8ACF-3F9FCEF2D30F}.Debug|x64.ActiveCfg = Debug|x64
		{59C99932-A5B7-48C3-8ACF-3F9FCEF2D30F}.Debug|x64.Build.0 = Debug|x64
		{59C99932-A5B7-48C3-8ACF-3F9FCEF2D30F}.Debug|x86.ActiveCfg = Debug|x86
		{59C99932-A5B7-48C3-8ACF-3F9FCEF2D30F}.Debug|x86.Build.0 = Debug|x86
		{59C99932-A5B7-48C3-8ACF-3F9FCEF2D30F}.Release|Any CPU.ActiveCfg = Release|Any CPU
		{59C99932-A5B7-48C3-8ACF-3F9FCEF2D30F}.Release|Any CPU.Build.0 = Release|Any CPU
		{59C99932-A5B7-48C3-8ACF-3F9FCEF2D30F}.Release|x64.ActiveCfg = Release|x64
		{59C99932-A5B7-48C3-8ACF-3F9FCEF2D30F}.Release|x64.Build.0 = Release|x64
		{59C99932-A5B7-48C3-8ACF-3F9FCEF2D30F}.Release|x86.ActiveCfg = Release|x86
		{59C99932-A5B7-48C3-8ACF-3F9FCEF2D30F}.Release|x86.Build.0 = Release|x86
		{A80599F3-0BAC-456B-B746-C8009346B2AE}.Debug|Any CPU.ActiveCfg = Debug|Any CPU
		{A80599F3-0BAC-456B-B746-C8009346B2AE}.Debug|Any CPU.Build.0 = Debug|Any CPU
		{A80599F3-0BAC-456B-B746-C8009346B2AE}.Debug|x64.ActiveCfg = Debug|x64
		{A80599F3-0BAC-456B-B746-C8009346B2AE}.Debug|x64.Build.0 = Debug|x64
		{A80599F3-0BAC-456B-B746-C8009346B2AE}.Debug|x86.ActiveCfg = Debug|x86
		{A80599F3-0BAC-456B-B746-C8009346B2AE}.Debug|x86.Build.0 = Debug|x86
		{A80599F3-0BAC-456B-B746-C8009346B2AE}.Release|Any CPU.ActiveCfg = Release|Any CPU
		{A80599F3-0BAC-456B-B746-C8009346B2AE}.Release|Any CPU.Build.0 = Release|Any CPU
		{A80599F3-0BAC-456B-B746-C8009346B2AE}.Release|x64.ActiveCfg = Release|x64
		{A80599F3-0BAC-456B-B746-C8009346B2AE}.Release|x64.Build.0 = Release|x64
		{A80599F3-0BAC-456B-B746-C8009346B2AE}.Release|x86.ActiveCfg = Release|x86
		{A80599F3-0BAC-456B-B746-C8009346B2AE}.Release|x86.Build.0 = Release|x86
		{16B3BE19-1786-4C05-AA2C-D74C91BE6305}.Debug|Any CPU.ActiveCfg = Debug|Any CPU
		{16B3BE19-1786-4C05-AA2C-D74C91BE6305}.Debug|Any CPU.Build.0 = Debug|Any CPU
		{16B3BE19-1786-4C05-AA2C-D74C91BE6305}.Debug|x64.ActiveCfg = Debug|x64
		{16B3BE19-1786-4C05-AA2C-D74C91BE6305}.Debug|x64.Build.0 = Debug|x64
		{16B3BE19-1786-4C05-AA2C-D74C91BE6305}.Debug|x86.ActiveCfg = Debug|x86
		{16B3BE19-1786-4C05-AA2C-D74C91BE6305}.Debug|x86.Build.0 = Debug|x86
		{16B3BE19-1786-4C05-AA2C-D74C91BE6305}.Release|Any CPU.ActiveCfg = Release|Any CPU
		{16B3BE19-1786-4C05-AA2C-D74C91BE6305}.Release|Any CPU.Build.0 = Release|Any CPU
		{16B3BE19-1786-4C05-AA2C-D74C91BE6305}.Release|x64.ActiveCfg = Release|x64
		{16B3BE19-1786-4C05-AA2C-D74C91BE6305}.Release|x64.Build.0 = Release|x64
		{16B3BE19-1786-4C05-AA2C-D74C91BE6305}.Release|x86.ActiveCfg = Release|x86
		{16B3BE19-1786-4C05-AA2C-D74C91BE6305}.Release|x86.Build.0 = Release|x86
		{9E05B1E3-B92C-4FD9-AF68-B6E6E233FABF}.Debug|Any CPU.ActiveCfg = Debug|Any CPU
		{9E05B1E3-B92C-4FD9-AF68-B6E6E233FABF}.Debug|Any CPU.Build.0 = Debug|Any CPU
		{9E05B1E3-B92C-4FD9-AF68-B6E6E233FABF}.Debug|x64.ActiveCfg = Debug|x64
		{9E05B1E3-B92C-4FD9-AF68-B6E6E233FABF}.Debug|x64.Build.0 = Debug|x64
		{9E05B1E3-B92C-4FD9-AF68-B6E6E233FABF}.Debug|x86.ActiveCfg = Debug|x86
		{9E05B1E3-B92C-4FD9-AF68-B6E6E233FABF}.Debug|x86.Build.0 = Debug|x86
		{9E05B1E3-B92C-4FD9-AF68-B6E6E233FABF}.Release|Any CPU.ActiveCfg = Release|Any CPU
		{9E05B1E3-B92C-4FD9-AF68-B6E6E233FABF}.Release|Any CPU.Build.0 = Release|Any CPU
		{9E05B1E3-B92C-4FD9-AF68-B6E6E233FABF}.Release|x64.ActiveCfg = Release|x64
		{9E05B1E3-B92C-4FD9-AF68-B6E6E233FABF}.Release|x64.Build.0 = Release|x64
		{9E05B1E3-B92C-4FD9-AF68-B6E6E233FABF}.Release|x86.ActiveCfg = Release|x86
		{9E05B1E3-B92C-4FD9-AF68-B6E6E233FABF}.Release|x86.Build.0 = Release|x86
		{00FDA7F5-9D2F-451A-AD2B-152BE1AB61AA}.Debug|Any CPU.ActiveCfg = Debug|Any CPU
		{00FDA7F5-9D2F-451A-AD2B-152BE1AB61AA}.Debug|Any CPU.Build.0 = Debug|Any CPU
		{00FDA7F5-9D2F-451A-AD2B-152BE1AB61AA}.Debug|x64.ActiveCfg = Debug|x64
		{00FDA7F5-9D2F-451A-AD2B-152BE1AB61AA}.Debug|x64.Build.0 = Debug|x64
		{00FDA7F5-9D2F-451A-AD2B-152BE1AB61AA}.Debug|x86.ActiveCfg = Debug|x86
		{00FDA7F5-9D2F-451A-AD2B-152BE1AB61AA}.Debug|x86.Build.0 = Debug|x86
		{00FDA7F5-9D2F-451A-AD2B-152BE1AB61AA}.Release|Any CPU.ActiveCfg = Release|Any CPU
		{00FDA7F5-9D2F-451A-AD2B-152BE1AB61AA}.Release|Any CPU.Build.0 = Release|Any CPU
		{00FDA7F5-9D2F-451A-AD2B-152BE1AB61AA}.Release|x64.ActiveCfg = Release|x64
		{00FDA7F5-9D2F-451A-AD2B-152BE1AB61AA}.Release|x64.Build.0 = Release|x64
		{00FDA7F5-9D2F-451A-AD2B-152BE1AB61AA}.Release|x86.ActiveCfg = Release|x86
		{00FDA7F5-9D2F-451A-AD2B-152BE1AB61AA}.Release|x86.Build.0 = Release|x86
		{B7D32386-6691-4660-9349-DBEC674C7CC1}.Debug|Any CPU.ActiveCfg = Debug|Any CPU
		{B7D32386-6691-4660-9349-DBEC674C7CC1}.Debug|Any CPU.Build.0 = Debug|Any CPU
		{B7D32386-6691-4660-9349-DBEC674C7CC1}.Debug|x64.ActiveCfg = Debug|x64
		{B7D32386-6691-4660-9349-DBEC674C7CC1}.Debug|x64.Build.0 = Debug|x64
		{B7D32386-6691-4660-9349-DBEC674C7CC1}.Debug|x86.ActiveCfg = Debug|x86
		{B7D32386-6691-4660-9349-DBEC674C7CC1}.Debug|x86.Build.0 = Debug|x86
		{B7D32386-6691-4660-9349-DBEC674C7CC1}.Release|Any CPU.ActiveCfg = Release|Any CPU
		{B7D32386-6691-4660-9349-DBEC674C7CC1}.Release|Any CPU.Build.0 = Release|Any CPU
		{B7D32386-6691-4660-9349-DBEC674C7CC1}.Release|x64.ActiveCfg = Release|x64
		{B7D32386-6691-4660-9349-DBEC674C7CC1}.Release|x64.Build.0 = Release|x64
		{B7D32386-6691-4660-9349-DBEC674C7CC1}.Release|x86.ActiveCfg = Release|x86
		{B7D32386-6691-4660-9349-DBEC674C7CC1}.Release|x86.Build.0 = Release|x86
	EndGlobalSection
	GlobalSection(NestedProjects) = preSolution
		{1A43C6CA-7E30-433F-A64D-F36CF3EBCD07} = {C5E297C5-99FF-4412-B521-5AECF45BBFB1}
		{59C99932-A5B7-48C3-8ACF-3F9FCEF2D30F} = {C5E297C5-99FF-4412-B521-5AECF45BBFB1}
		{A80599F3-0BAC-456B-B746-C8009346B2AE} = {C5E297C5-99FF-4412-B521-5AECF45BBFB1}
		{16B3BE19-1786-4C05-AA2C-D74C91BE6305} = {C5E297C5-99FF-4412-B521-5AECF45BBFB1}
		{53E839BA-6B85-4479-A77A-800DE4E85EAE} = {60BEC1E6-F46B-43EC-9E59-9143A253F68F}
		{9E05B1E3-B92C-4FD9-AF68-B6E6E233FABF} = {53E839BA-6B85-4479-A77A-800DE4E85EAE}
		{EEF30F29-0503-49F2-A3F9-66BC852EA8FB} = {60BEC1E6-F46B-43EC-9E59-9143A253F68F}
		{00FDA7F5-9D2F-451A-AD2B-152BE1AB61AA} = {EEF30F29-0503-49F2-A3F9-66BC852EA8FB}
		{B7D32386-6691-4660-9349-DBEC674C7CC1} = {EEF30F29-0503-49F2-A3F9-66BC852EA8FB}
	EndGlobalSection
EndGlobal
